# THIS IS AN AUTOGENERATED FILE. DO NOT EDIT THIS FILE DIRECTLY.
# yarn lockfile v1


vue-router@3:
  version "3.6.5"
  resolved "https://registry.yarnpkg.com/vue-router/-/vue-router-3.6.5.tgz#95847d52b9a7e3f1361cb605c8e6441f202afad8"
  integrity sha512-VYXZQLtjuvKxxcshuRAwjHnciqZVoXAjTjcqBTz4rKc8qih9g9pI3hbDjmqXaHdgL3v8pV6P8Z335XvHzESxLQ==
